
Microsoft Visual Studio Solution File, Format Version 12.00
# Visual Studio 15
VisualStudioVersion = 15.0.26730.16
MinimumVisualStudioVersion = 10.0.40219.1
Project("{FAE04EC0-301F-11D3-BF4B-00C04F79EFBC}") = "halloween", "halloween\halloween.csproj", "{0AE32B08-9E08-47F4-94B3-7A7C91F2FFED}"
EndProject
Global
	GlobalSection(SolutionConfigurationPlatforms) = preSolution
		Debug|Any CPU = Debug|Any CPU
		Release|Any CPU = Release|Any CPU
	EndGlobalSection
	GlobalSection(ProjectConfigurationPlatforms) = postSolution
		{0AE32B08-9E08-47F4-94B3-7A7C91F2FFED}.Debug|Any CPU.ActiveCfg = Debug|Any CPU
		{0AE32B08-9E08-47F4-94B3-7A7C91F2FFED}.Debug|Any CPU.Build.0 = Debug|Any CPU
		{0AE32B08-9E08-47F4-94B3-7A7C91F2FFED}.Release|Any CPU.ActiveCfg = Release|Any CPU
		{0AE32B08-9E08-47F4-94B3-7A7C91F2FFED}.Release|Any CPU.Build.0 = Release|Any CPU
	EndGlobalSection
	GlobalSection(SolutionProperties) = preSolution
		HideSolutionNode = FALSE
	EndGlobalSection
	GlobalSection(ExtensibilityGlobals) = postSolution
		SolutionGuid = {5E107D1E-4695-42E8-8002-19F1644ABCEF}
	EndGlobalSection
EndGlobal
